{
  "name": "gpt3chatbot",
  "lockfileVersion": 2,
  "requires": true,
  "packages": {
    "": {
      "dependencies": {
        "typescript": "^4.9.4"
      },
      "devDependencies": {
        "@slack/types": "^2.8.0",
        "@types/google-apps-script": "^1.0.56"
      }
    },
    "node_modules/@slack/types": {
      "version": "2.8.0",
      "resolved": "https://registry.npmjs.org/@slack/types/-/types-2.8.0.tgz",
      "integrity": "sha512-ghdfZSF0b4NC9ckBA8QnQgC9DJw2ZceDq0BIjjRSv6XAZBXJdWgxIsYz0TYnWSiqsKZGH2ZXbj9jYABZdH3OSQ==",
      "dev": true,
      "engines": {
        "node": ">= 12.13.0",
        "npm": ">= 6.12.0"
      }
    },
    "node_modules/@types/google-apps-script": {
      "version": "1.0.56",
      "resolved": "https://registry.npmjs.org/@types/google-apps-script/-/google-apps-script-1.0.56.tgz",
      "integrity": "sha512-3YGOtRlnWPSARl/n2BKt0qiIA6Y3/5BLC2zH9s/jcu+1rpxR07noLCFxTZ2BQBIfDl6+Vs9iKjLTgdbbL8q/mg==",
      "dev": true
    },
    "node_modules/typescript": {
      "version": "4.9.4",
      "resolved": "https://registry.npmjs.org/typescript/-/typescript-4.9.4.tgz",
      "integrity": "sha512-Uz+dTXYzxXXbsFpM86Wh3dKCxrQqUcVMxwU54orwlJjOpO3ao8L7j5lH+dWfTwgCwIuM9GQ2kvVotzYJMXTBZg==",
      "bin": {
        "tsc": "bin/tsc",
        "tsserver": "bin/tsserver"
      },
      "engines": {
        "node": ">=4.2.0"
      }
    }
  },
  "dependencies": {
    "@slack/types": {
      "version": "2.8.0",
      "resolved": "https://registry.npmjs.org/@slack/types/-/types-2.8.0.tgz",
      "integrity": "sha512-ghdfZSF0b4NC9ckBA8QnQgC9DJw2ZceDq0BIjjRSv6XAZBXJdWgxIsYz0TYnWSiqsKZGH2ZXbj9jYABZdH3OSQ==",
      "dev": true
    },
    "@types/google-apps-script": {
      "version": "1.0.56",
      "resolved": "https://registry.npmjs.org/@types/google-apps-script/-/google-apps-script-1.0.56.tgz",
      "integrity": "sha512-3YGOtRlnWPSARl/n2BKt0qiIA6Y3/5BLC2zH9s/jcu+1rpxR07noLCFxTZ2BQBIfDl6+Vs9iKjLTgdbbL8q/mg==",
      "dev": true
    },
    "typescript": {
      "version": "4.9.4",
      "resolved": "https://registry.npmjs.org/typescript/-/typescript-4.9.4.tgz",
      "integrity": "sha512-Uz+dTXYzxXXbsFpM86Wh3dKCxrQqUcVMxwU54orwlJjOpO3ao8L7j5lH+dWfTwgCwIuM9GQ2kvVotzYJMXTBZg=="
    }
  }
}
